
Microsoft Visual Studio Solution File, Format Version 12.00
# Visual Studio Version 16
VisualStudioVersion = 16.0.31129.286
MinimumVisualStudioVersion = 10.0.40219.1
Project("{FAE04EC0-301F-11D3-BF4B-00C04F79EFBC}") = "MvcProjeKamp", "MvcProjeKamp\MvcProjeKamp.csproj", "{0D82109A-1476-44E5-A1EB-51EC151C7937}"
EndProject
Project("{FAE04EC0-301F-11D3-BF4B-00C04F79EFBC}") = "EntityLayer", "EntityLayer\EntityLayer.csproj", "{915AB047-A2DF-495C-ABAB-2B6D6947AD58}"
EndProject
Project("{FAE04EC0-301F-11D3-BF4B-00C04F79EFBC}") = "DataAccessLayer", "DataAccessLayer\DataAccessLayer.csproj", "{1851A91E-36C5-40F7-8A2E-683AB5049832}"
EndProject
Project("{FAE04EC0-301F-11D3-BF4B-00C04F79EFBC}") = "BusinessLayer", "BusinessLayer\BusinessLayer.csproj", "{E711343A-2EC4-4E6B-8D29-D135B7D716CB}"
EndProject
Global
	GlobalSection(SolutionConfigurationPlatforms) = preSolution
		Debug|Any CPU = Debug|Any CPU
		Release|Any CPU = Release|Any CPU
	EndGlobalSection
	GlobalSection(ProjectConfigurationPlatforms) = postSolution
		{0D82109A-1476-44E5-A1EB-51EC151C7937}.Debug|Any CPU.ActiveCfg = Debug|Any CPU
		{0D82109A-1476-44E5-A1EB-51EC151C7937}.Debug|Any CPU.Build.0 = Debug|Any CPU
		{0D82109A-1476-44E5-A1EB-51EC151C7937}.Release|Any CPU.ActiveCfg = Release|Any CPU
		{0D82109A-1476-44E5-A1EB-51EC151C7937}.Release|Any CPU.Build.0 = Release|Any CPU
		{915AB047-A2DF-495C-ABAB-2B6D6947AD58}.Debug|Any CPU.ActiveCfg = Debug|Any CPU
		{915AB047-A2DF-495C-ABAB-2B6D6947AD58}.Debug|Any CPU.Build.0 = Debug|Any CPU
		{915AB047-A2DF-495C-ABAB-2B6D6947AD58}.Release|Any CPU.ActiveCfg = Release|Any CPU
		{915AB047-A2DF-495C-ABAB-2B6D6947AD58}.Release|Any CPU.Build.0 = Release|Any CPU
		{1851A91E-36C5-40F7-8A2E-683AB5049832}.Debug|Any CPU.ActiveCfg = Debug|Any CPU
		{1851A91E-36C5-40F7-8A2E-683AB5049832}.Debug|Any CPU.Build.0 = Debug|Any CPU
		{1851A91E-36C5-40F7-8A2E-683AB5049832}.Release|Any CPU.ActiveCfg = Release|Any CPU
		{1851A91E-36C5-40F7-8A2E-683AB5049832}.Release|Any CPU.Build.0 = Release|Any CPU
		{E711343A-2EC4-4E6B-8D29-D135B7D716CB}.Debug|Any CPU.ActiveCfg = Debug|Any CPU
		{E711343A-2EC4-4E6B-8D29-D135B7D716CB}.Debug|Any CPU.Build.0 = Debug|Any CPU
		{E711343A-2EC4-4E6B-8D29-D135B7D716CB}.Release|Any CPU.ActiveCfg = Release|Any CPU
		{E711343A-2EC4-4E6B-8D29-D135B7D716CB}.Release|Any CPU.Build.0 = Release|Any CPU
	EndGlobalSection
	GlobalSection(SolutionProperties) = preSolution
		HideSolutionNode = FALSE
	EndGlobalSection
	GlobalSection(ExtensibilityGlobals) = postSolution
		SolutionGuid = {EC006162-0D58-46AF-AEDB-231D15455F88}
	EndGlobalSection
EndGlobal
